
Microsoft Visual Studio Solution File, Format Version 12.00
# Visual Studio Version 17
VisualStudioVersion = 17.9.34728.123
MinimumVisualStudioVersion = 10.0.40219.1
Project("{9A19103F-16F7-4668-BE54-9A1E7A4F7556}") = "TabletCount", "TabletCount.csproj", "{F6931B39-8190-4BA4-9C7D-04494A5571DB}"
EndProject
Global
	GlobalSection(SolutionConfigurationPlatforms) = preSolution
		Debug|Any CPU = Debug|Any CPU
		Release|Any CPU = Release|Any CPU
	EndGlobalSection
	GlobalSection(ProjectConfigurationPlatforms) = postSolution
		{F6931B39-8190-4BA4-9C7D-04494A5571DB}.Debug|Any CPU.ActiveCfg = Debug|Any CPU
		{F6931B39-8190-4BA4-9C7D-04494A5571DB}.Debug|Any CPU.Build.0 = Debug|Any CPU
		{F6931B39-8190-4BA4-9C7D-04494A5571DB}.Release|Any CPU.ActiveCfg = Release|Any CPU
		{F6931B39-8190-4BA4-9C7D-04494A5571DB}.Release|Any CPU.Build.0 = Release|Any CPU
	EndGlobalSection
	GlobalSection(SolutionProperties) = preSolution
		HideSolutionNode = FALSE
	EndGlobalSection
	GlobalSection(ExtensibilityGlobals) = postSolution
		SolutionGuid = {82A9CC2D-8996-48AC-93AC-B72DD881FD09}
	EndGlobalSection
EndGlobal
